
Microsoft Visual Studio Solution File, Format Version 12.00
# Visual Studio 14
VisualStudioVersion = 14.0.25123.0
MinimumVisualStudioVersion = 10.0.40219.1
Project("{2150E333-8FDC-42A3-9474-1A3956D46DE8}") = "01.简单工厂模式", "01.简单工厂模式", "{D95989A5-836A-4A45-939D-B7DE1DA1457E}"
EndProject
Project("{FAE04EC0-301F-11D3-BF4B-00C04F79EFBC}") = "Calc", "Calc\Calc.csproj", "{7E700E18-A2D1-4E9F-B4E2-698E247387B5}"
EndProject
Project("{2150E333-8FDC-42A3-9474-1A3956D46DE8}") = "02.策略模式", "02.策略模式", "{851F92C1-9423-42FD-8540-11739F446D33}"
EndProject
Project("{FAE04EC0-301F-11D3-BF4B-00C04F79EFBC}") = "StrategyPatten", "StrategyPatten\StrategyPatten.csproj", "{FC661266-B244-4361-A0B7-3B3758A3C607}"
EndProject
Project("{FAE04EC0-301F-11D3-BF4B-00C04F79EFBC}") = "ShopCash", "ShopCash\ShopCash.csproj", "{7F2B5F48-9DD1-415D-ACC5-AF5F5C56119B}"
EndProject
Project("{2150E333-8FDC-42A3-9474-1A3956D46DE8}") = "06.装饰模式", "06.装饰模式", "{E2A913B5-BE95-4D6C-8796-66DB402EC1D1}"
EndProject
Project("{FAE04EC0-301F-11D3-BF4B-00C04F79EFBC}") = "DecoratorPatten", "DecoratorPatten\DecoratorPatten.csproj", "{1D5FAFE0-EED2-4A9C-A75A-1ECEBBB89D9F}"
EndProject
Project("{FAE04EC0-301F-11D3-BF4B-00C04F79EFBC}") = "FineryShow", "FineryShow\FineryShow.csproj", "{84B4F8B0-2A9E-4E09-A374-74E9A4FDCD81}"
EndProject
Project("{2150E333-8FDC-42A3-9474-1A3956D46DE8}") = "07.代理模式", "07.代理模式", "{4C115F36-22FE-415B-80FA-B72A72C266DC}"
EndProject
Project("{FAE04EC0-301F-11D3-BF4B-00C04F79EFBC}") = "ProxyPatten", "ProxyPatten\ProxyPatten.csproj", "{54D25EA1-14C8-477D-8765-60604FB5504B}"
EndProject
Project("{FAE04EC0-301F-11D3-BF4B-00C04F79EFBC}") = "PursuitGirl", "PursuitGirl\PursuitGirl.csproj", "{D0B83525-B743-4B2D-90A4-2DF809E800D0}"
EndProject
Project("{2150E333-8FDC-42A3-9474-1A3956D46DE8}") = "08.工厂方法模式", "08.工厂方法模式", "{571E9CCE-90D4-46D7-9915-6A6645CFE1D4}"
EndProject
Project("{FAE04EC0-301F-11D3-BF4B-00C04F79EFBC}") = "FactoryPatten", "FactoryPatten\FactoryPatten.csproj", "{6642D7ED-51D2-43CA-9B44-ECE52696ABD3}"
EndProject
Project("{FAE04EC0-301F-11D3-BF4B-00C04F79EFBC}") = "XueLeiFeng", "XueLeiFeng\XueLeiFeng.csproj", "{E8963E3D-BF5C-4EB3-A806-81002DB51B96}"
EndProject
Project("{2150E333-8FDC-42A3-9474-1A3956D46DE8}") = "09.原型模式", "09.原型模式", "{FC222B6E-422F-4974-8BEA-59940457027F}"
EndProject
Project("{FAE04EC0-301F-11D3-BF4B-00C04F79EFBC}") = "PrototypePatten", "PrototypePatten\PrototypePatten.csproj", "{AE4B0D0D-D551-40B0-A7C6-D10BCD3C8680}"
EndProject
Project("{FAE04EC0-301F-11D3-BF4B-00C04F79EFBC}") = "Resume", "Resume\Resume.csproj", "{9184FF4A-56FA-4416-9AB9-E506FA0ABC10}"
EndProject
Project("{2150E333-8FDC-42A3-9474-1A3956D46DE8}") = "10.模板方法模式", "10.模板方法模式", "{68F58CFB-4DD0-4131-8912-C943250512C3}"
EndProject
Project("{FAE04EC0-301F-11D3-BF4B-00C04F79EFBC}") = "TemplatePatten", "TemplatePatten\TemplatePatten.csproj", "{99F781F1-338D-4BC8-A1C2-355B8F3C7F68}"
EndProject
Project("{FAE04EC0-301F-11D3-BF4B-00C04F79EFBC}") = "TestPaper", "TestPaper\TestPaper.csproj", "{B6AA2445-B53B-469E-BB58-BD3E094021AE}"
EndProject
Global
	GlobalSection(SolutionConfigurationPlatforms) = preSolution
		Debug|Any CPU = Debug|Any CPU
		Release|Any CPU = Release|Any CPU
	EndGlobalSection
	GlobalSection(ProjectConfigurationPlatforms) = postSolution
		{7E700E18-A2D1-4E9F-B4E2-698E247387B5}.Debug|Any CPU.ActiveCfg = Debug|Any CPU
		{7E700E18-A2D1-4E9F-B4E2-698E247387B5}.Debug|Any CPU.Build.0 = Debug|Any CPU
		{7E700E18-A2D1-4E9F-B4E2-698E247387B5}.Release|Any CPU.ActiveCfg = Release|Any CPU
		{7E700E18-A2D1-4E9F-B4E2-698E247387B5}.Release|Any CPU.Build.0 = Release|Any CPU
		{FC661266-B244-4361-A0B7-3B3758A3C607}.Debug|Any CPU.ActiveCfg = Debug|Any CPU
		{FC661266-B244-4361-A0B7-3B3758A3C607}.Debug|Any CPU.Build.0 = Debug|Any CPU
		{FC661266-B244-4361-A0B7-3B3758A3C607}.Release|Any CPU.ActiveCfg = Release|Any CPU
		{FC661266-B244-4361-A0B7-3B3758A3C607}.Release|Any CPU.Build.0 = Release|Any CPU
		{7F2B5F48-9DD1-415D-ACC5-AF5F5C56119B}.Debug|Any CPU.ActiveCfg = Debug|Any CPU
		{7F2B5F48-9DD1-415D-ACC5-AF5F5C56119B}.Debug|Any CPU.Build.0 = Debug|Any CPU
		{7F2B5F48-9DD1-415D-ACC5-AF5F5C56119B}.Release|Any CPU.ActiveCfg = Release|Any CPU
		{7F2B5F48-9DD1-415D-ACC5-AF5F5C56119B}.Release|Any CPU.Build.0 = Release|Any CPU
		{1D5FAFE0-EED2-4A9C-A75A-1ECEBBB89D9F}.Debug|Any CPU.ActiveCfg = Debug|Any CPU
		{1D5FAFE0-EED2-4A9C-A75A-1ECEBBB89D9F}.Debug|Any CPU.Build.0 = Debug|Any CPU
		{1D5FAFE0-EED2-4A9C-A75A-1ECEBBB89D9F}.Release|Any CPU.ActiveCfg = Release|Any CPU
		{1D5FAFE0-EED2-4A9C-A75A-1ECEBBB89D9F}.Release|Any CPU.Build.0 = Release|Any CPU
		{84B4F8B0-2A9E-4E09-A374-74E9A4FDCD81}.Debug|Any CPU.ActiveCfg = Debug|Any CPU
		{84B4F8B0-2A9E-4E09-A374-74E9A4FDCD81}.Debug|Any CPU.Build.0 = Debug|Any CPU
		{84B4F8B0-2A9E-4E09-A374-74E9A4FDCD81}.Release|Any CPU.ActiveCfg = Release|Any CPU
		{84B4F8B0-2A9E-4E09-A374-74E9A4FDCD81}.Release|Any CPU.Build.0 = Release|Any CPU
		{54D25EA1-14C8-477D-8765-60604FB5504B}.Debug|Any CPU.ActiveCfg = Debug|Any CPU
		{54D25EA1-14C8-477D-8765-60604FB5504B}.Debug|Any CPU.Build.0 = Debug|Any CPU
		{54D25EA1-14C8-477D-8765-60604FB5504B}.Release|Any CPU.ActiveCfg = Release|Any CPU
		{54D25EA1-14C8-477D-8765-60604FB5504B}.Release|Any CPU.Build.0 = Release|Any CPU
		{D0B83525-B743-4B2D-90A4-2DF809E800D0}.Debug|Any CPU.ActiveCfg = Debug|Any CPU
		{D0B83525-B743-4B2D-90A4-2DF809E800D0}.Debug|Any CPU.Build.0 = Debug|Any CPU
		{D0B83525-B743-4B2D-90A4-2DF809E800D0}.Release|Any CPU.ActiveCfg = Release|Any CPU
		{D0B83525-B743-4B2D-90A4-2DF809E800D0}.Release|Any CPU.Build.0 = Release|Any CPU
		{6642D7ED-51D2-43CA-9B44-ECE52696ABD3}.Debug|Any CPU.ActiveCfg = Debug|Any CPU
		{6642D7ED-51D2-43CA-9B44-ECE52696ABD3}.Debug|Any CPU.Build.0 = Debug|Any CPU
		{6642D7ED-51D2-43CA-9B44-ECE52696ABD3}.Release|Any CPU.ActiveCfg = Release|Any CPU
		{6642D7ED-51D2-43CA-9B44-ECE52696ABD3}.Release|Any CPU.Build.0 = Release|Any CPU
		{E8963E3D-BF5C-4EB3-A806-81002DB51B96}.Debug|Any CPU.ActiveCfg = Debug|Any CPU
		{E8963E3D-BF5C-4EB3-A806-81002DB51B96}.Debug|Any CPU.Build.0 = Debug|Any CPU
		{E8963E3D-BF5C-4EB3-A806-81002DB51B96}.Release|Any CPU.ActiveCfg = Release|Any CPU
		{E8963E3D-BF5C-4EB3-A806-81002DB51B96}.Release|Any CPU.Build.0 = Release|Any CPU
		{AE4B0D0D-D551-40B0-A7C6-D10BCD3C8680}.Debug|Any CPU.ActiveCfg = Debug|Any CPU
		{AE4B0D0D-D551-40B0-A7C6-D10BCD3C8680}.Debug|Any CPU.Build.0 = Debug|Any CPU
		{AE4B0D0D-D551-40B0-A7C6-D10BCD3C8680}.Release|Any CPU.ActiveCfg = Release|Any CPU
		{AE4B0D0D-D551-40B0-A7C6-D10BCD3C8680}.Release|Any CPU.Build.0 = Release|Any CPU
		{9184FF4A-56FA-4416-9AB9-E506FA0ABC10}.Debug|Any CPU.ActiveCfg = Debug|Any CPU
		{9184FF4A-56FA-4416-9AB9-E506FA0ABC10}.Debug|Any CPU.Build.0 = Debug|Any CPU
		{9184FF4A-56FA-4416-9AB9-E506FA0ABC10}.Release|Any CPU.ActiveCfg = Release|Any CPU
		{9184FF4A-56FA-4416-9AB9-E506FA0ABC10}.Release|Any CPU.Build.0 = Release|Any CPU
		{99F781F1-338D-4BC8-A1C2-355B8F3C7F68}.Debug|Any CPU.ActiveCfg = Debug|Any CPU
		{99F781F1-338D-4BC8-A1C2-355B8F3C7F68}.Debug|Any CPU.Build.0 = Debug|Any CPU
		{99F781F1-338D-4BC8-A1C2-355B8F3C7F68}.Release|Any CPU.ActiveCfg = Release|Any CPU
		{99F781F1-338D-4BC8-A1C2-355B8F3C7F68}.Release|Any CPU.Build.0 = Release|Any CPU
		{B6AA2445-B53B-469E-BB58-BD3E094021AE}.Debug|Any CPU.ActiveCfg = Debug|Any CPU
		{B6AA2445-B53B-469E-BB58-BD3E094021AE}.Debug|Any CPU.Build.0 = Debug|Any CPU
		{B6AA2445-B53B-469E-BB58-BD3E094021AE}.Release|Any CPU.ActiveCfg = Release|Any CPU
		{B6AA2445-B53B-469E-BB58-BD3E094021AE}.Release|Any CPU.Build.0 = Release|Any CPU
	EndGlobalSection
	GlobalSection(SolutionProperties) = preSolution
		HideSolutionNode = FALSE
	EndGlobalSection
	GlobalSection(NestedProjects) = preSolution
		{7E700E18-A2D1-4E9F-B4E2-698E247387B5} = {D95989A5-836A-4A45-939D-B7DE1DA1457E}
		{FC661266-B244-4361-A0B7-3B3758A3C607} = {851F92C1-9423-42FD-8540-11739F446D33}
		{7F2B5F48-9DD1-415D-ACC5-AF5F5C56119B} = {851F92C1-9423-42FD-8540-11739F446D33}
		{1D5FAFE0-EED2-4A9C-A75A-1ECEBBB89D9F} = {E2A913B5-BE95-4D6C-8796-66DB402EC1D1}
		{84B4F8B0-2A9E-4E09-A374-74E9A4FDCD81} = {E2A913B5-BE95-4D6C-8796-66DB402EC1D1}
		{54D25EA1-14C8-477D-8765-60604FB5504B} = {4C115F36-22FE-415B-80FA-B72A72C266DC}
		{D0B83525-B743-4B2D-90A4-2DF809E800D0} = {4C115F36-22FE-415B-80FA-B72A72C266DC}
		{6642D7ED-51D2-43CA-9B44-ECE52696ABD3} = {571E9CCE-90D4-46D7-9915-6A6645CFE1D4}
		{E8963E3D-BF5C-4EB3-A806-81002DB51B96} = {571E9CCE-90D4-46D7-9915-6A6645CFE1D4}
		{AE4B0D0D-D551-40B0-A7C6-D10BCD3C8680} = {FC222B6E-422F-4974-8BEA-59940457027F}
		{9184FF4A-56FA-4416-9AB9-E506FA0ABC10} = {FC222B6E-422F-4974-8BEA-59940457027F}
		{99F781F1-338D-4BC8-A1C2-355B8F3C7F68} = {68F58CFB-4DD0-4131-8912-C943250512C3}
		{B6AA2445-B53B-469E-BB58-BD3E094021AE} = {68F58CFB-4DD0-4131-8912-C943250512C3}
	EndGlobalSection
EndGlobal
