
Microsoft Visual Studio Solution File, Format Version 12.00
# Visual Studio 14
VisualStudioVersion = 14.0.25123.0
MinimumVisualStudioVersion = 10.0.40219.1
Project("{2150E333-8FDC-42A3-9474-1A3956D46DE8}") = "01.简单工厂模式", "01.简单工厂模式", "{D95989A5-836A-4A45-939D-B7DE1DA1457E}"
EndProject
Project("{FAE04EC0-301F-11D3-BF4B-00C04F79EFBC}") = "Calc", "Calc\Calc.csproj", "{7E700E18-A2D1-4E9F-B4E2-698E247387B5}"
EndProject
Global
	GlobalSection(SolutionConfigurationPlatforms) = preSolution
		Debug|Any CPU = Debug|Any CPU
		Release|Any CPU = Release|Any CPU
	EndGlobalSection
	GlobalSection(ProjectConfigurationPlatforms) = postSolution
		{7E700E18-A2D1-4E9F-B4E2-698E247387B5}.Debug|Any CPU.ActiveCfg = Debug|Any CPU
		{7E700E18-A2D1-4E9F-B4E2-698E247387B5}.Debug|Any CPU.Build.0 = Debug|Any CPU
		{7E700E18-A2D1-4E9F-B4E2-698E247387B5}.Release|Any CPU.ActiveCfg = Release|Any CPU
		{7E700E18-A2D1-4E9F-B4E2-698E247387B5}.Release|Any CPU.Build.0 = Release|Any CPU
	EndGlobalSection
	GlobalSection(SolutionProperties) = preSolution
		HideSolutionNode = FALSE
	EndGlobalSection
	GlobalSection(NestedProjects) = preSolution
		{7E700E18-A2D1-4E9F-B4E2-698E247387B5} = {D95989A5-836A-4A45-939D-B7DE1DA1457E}
	EndGlobalSection
EndGlobal
